// !$*UTF8*$!
{
 archiveVersion = 1;
 classes = { };
 objectVersion = 56;
 objects = {
/* Begin PBXBuildFile section */
 A10000000000000000000001 /* AppDelegate.swift in Sources */ = {isa = PBXBuildFile; fileRef = A20000000000000000000001; };
 A10000000000000000000002 /* SceneDelegate.swift in Sources */ = {isa = PBXBuildFile; fileRef = A20000000000000000000002; };
 A10000000000000000000003 /* BrowserSettings.swift in Sources */ = {isa = PBXBuildFile; fileRef = A20000000000000000000003; };
 A10000000000000000000004 /* ContentBlocker.swift in Sources */ = {isa = PBXBuildFile; fileRef = A20000000000000000000004; };
 A10000000000000000000006 /* PrivacyDashboardViewController.swift in Sources */ = {isa = PBXBuildFile; fileRef = A20000000000000000000006; };
 A10000000000000000000007 /* SettingsViewController.swift in Sources */ = {isa = PBXBuildFile; fileRef = A20000000000000000000007; };
 A10000000000000000000008 /* BrowserViewController.swift in Sources */ = {isa = PBXBuildFile; fileRef = A20000000000000000000008; };
 A10000000000000000000015 /* VideoCandidate.swift in Sources */ = {isa = PBXBuildFile; fileRef = A20000000000000000000015; };
 A10000000000000000000016 /* VideoDetector.swift in Sources */ = {isa = PBXBuildFile; fileRef = A20000000000000000000016; };
 A10000000000000000000017 /* VideoListViewController.swift in Sources */ = {isa = PBXBuildFile; fileRef = A20000000000000000000017; };
 A10000000000000000000018 /* NativeVideoPlayerViewController.swift in Sources */ = {isa = PBXBuildFile; fileRef = A20000000000000000000018; };
 A10000000000000000000020 /* DownloadManager.swift in Sources */ = {isa = PBXBuildFile; fileRef = A20000000000000000000020; };
 A10000000000000000000021 /* PhotoSaver.swift in Sources */ = {isa = PBXBuildFile; fileRef = A20000000000000000000021; };
 A10000000000000000000022 /* AppLockManager.swift in Sources */ = {isa = PBXBuildFile; fileRef = A20000000000000000000022; };
 A10000000000000000000023 /* AppLockViewController.swift in Sources */ = {isa = PBXBuildFile; fileRef = A20000000000000000000023; };
 A10000000000000000000024 /* AppLockSettingsViewController.swift in Sources */ = {isa = PBXBuildFile; fileRef = A20000000000000000000024; };
 A10000000000000000000025 /* AppCustomizationViewController.swift in Sources */ = {isa = PBXBuildFile; fileRef = A20000000000000000000025; };
 A10000000000000000000026 /* VideoURLResolver.swift in Sources */ = {isa = PBXBuildFile; fileRef = A20000000000000000000026; };
 A10000000000000000000029 /* VideoHistory.swift in Sources */ = {isa = PBXBuildFile; fileRef = A20000000000000000000029; };
 A1000000000000000000002A /* VideoHistoryViewController.swift in Sources */ = {isa = PBXBuildFile; fileRef = A2000000000000000000002A; };
 A10000000000000000000028 /* NavigationSecurity.swift in Sources */ = {isa = PBXBuildFile; fileRef = A20000000000000000000028; };
 A10000000000000000000027 /* Assets.xcassets in Resources */ = {isa = PBXBuildFile; fileRef = A20000000000000000000027; };
/* End PBXBuildFile section */
/* Begin PBXFileReference section */
 A20000000000000000000001 = {isa = PBXFileReference; lastKnownFileType = sourcecode.swift; path = AppDelegate.swift; sourceTree = "<group>"; };
 A20000000000000000000002 = {isa = PBXFileReference; lastKnownFileType = sourcecode.swift; path = SceneDelegate.swift; sourceTree = "<group>"; };
 A20000000000000000000003 = {isa = PBXFileReference; lastKnownFileType = sourcecode.swift; path = BrowserSettings.swift; sourceTree = "<group>"; };
 A20000000000000000000004 = {isa = PBXFileReference; lastKnownFileType = sourcecode.swift; path = ContentBlocker.swift; sourceTree = "<group>"; };
 A20000000000000000000006 = {isa = PBXFileReference; lastKnownFileType = sourcecode.swift; path = PrivacyDashboardViewController.swift; sourceTree = "<group>"; };
 A20000000000000000000007 = {isa = PBXFileReference; lastKnownFileType = sourcecode.swift; path = SettingsViewController.swift; sourceTree = "<group>"; };
 A20000000000000000000008 = {isa = PBXFileReference; lastKnownFileType = sourcecode.swift; path = BrowserViewController.swift; sourceTree = "<group>"; };
 A20000000000000000000010 = {isa = PBXFileReference; lastKnownFileType = text.plist.entitlements; path = WebBrowse.entitlements; sourceTree = "<group>"; };
 A20000000000000000000012 = {isa = PBXFileReference; lastKnownFileType = text.plist.xml; path = Info.plist; sourceTree = "<group>"; };
 A20000000000000000000013 = {isa = PBXFileReference; explicitFileType = wrapper.application; includeInIndex = 0; path = WebBrowse.app; sourceTree = BUILT_PRODUCTS_DIR; };
 A20000000000000000000020 /* DownloadManager.swift */ = {isa = PBXFileReference; lastKnownFileType = sourcecode.swift; path = DownloadManager.swift; sourceTree = "<group>"; };
 A20000000000000000000021 /* PhotoSaver.swift */ = {isa = PBXFileReference; lastKnownFileType = sourcecode.swift; path = PhotoSaver.swift; sourceTree = "<group>"; };
 A20000000000000000000022 /* AppLockManager.swift */ = {isa = PBXFileReference; lastKnownFileType = sourcecode.swift; path = AppLockManager.swift; sourceTree = "<group>"; };
 A20000000000000000000023 /* AppLockViewController.swift */ = {isa = PBXFileReference; lastKnownFileType = sourcecode.swift; path = AppLockViewController.swift; sourceTree = "<group>"; };
 A20000000000000000000024 /* AppLockSettingsViewController.swift */ = {isa = PBXFileReference; lastKnownFileType = sourcecode.swift; path = AppLockSettingsViewController.swift; sourceTree = "<group>"; };
 A20000000000000000000025 /* AppCustomizationViewController.swift */ = {isa = PBXFileReference; lastKnownFileType = sourcecode.swift; path = AppCustomizationViewController.swift; sourceTree = "<group>"; };
 A20000000000000000000026 /* VideoURLResolver.swift */ = {isa = PBXFileReference; lastKnownFileType = sourcecode.swift; path = VideoURLResolver.swift; sourceTree = "<group>"; };
 A20000000000000000000029 /* VideoHistory.swift */ = {isa = PBXFileReference; lastKnownFileType = sourcecode.swift; path = VideoHistory.swift; sourceTree = "<group>"; };
 A2000000000000000000002A /* VideoHistoryViewController.swift */ = {isa = PBXFileReference; lastKnownFileType = sourcecode.swift; path = VideoHistoryViewController.swift; sourceTree = "<group>"; };
 A20000000000000000000027 /* Assets.xcassets */ = {isa = PBXFileReference; lastKnownFileType = folder.assetcatalog; path = Assets.xcassets; sourceTree = "<group>"; };
 A20000000000000000000028 /* NavigationSecurity.swift */ = {isa = PBXFileReference; lastKnownFileType = sourcecode.swift; path = NavigationSecurity.swift; sourceTree = "<group>"; };
/* End PBXFileReference section */
/* Begin PBXGroup section */
 A30000000000000000000001 = {isa = PBXGroup; children = (A20000000000000000000001,A20000000000000000000002,A20000000000000000000003,A20000000000000000000004,A20000000000000000000006,A20000000000000000000007,A20000000000000000000008,A20000000000000000000015,A20000000000000000000016,A20000000000000000000017,A20000000000000000000018,A20000000000000000000020,A20000000000000000000021,A20000000000000000000022,A20000000000000000000023,A20000000000000000000024,A20000000000000000000025,A20000000000000000000026,A20000000000000000000029,A2000000000000000000002A,A20000000000000000000028,A20000000000000000000027,A20000000000000000000010,A20000000000000000000012); path = WebBrowse; sourceTree = "<group>"; };
 A30000000000000000000003 = {isa = PBXGroup; children = (A30000000000000000000001); sourceTree = "<group>"; };
 A30000000000000000000004 = {isa = PBXGroup; children = (A20000000000000000000013); name = Products; sourceTree = "<group>"; };
/* End PBXGroup section */
/* Begin PBXNativeTarget section */
 A40000000000000000000001 = {isa = PBXNativeTarget; buildConfigurationList = A50000000000000000000001; buildPhases = (A60000000000000000000001,A60000000000000000000002,A60000000000000000000003); dependencies = (); name = WebBrowse; productName = WebBrowse; productReference = A20000000000000000000013; productType = "com.apple.product-type.application"; };
/* End PBXNativeTarget section */
/* Begin PBXProject section */
 A70000000000000000000001 = {isa = PBXProject; attributes = { LastUpgradeCheck = 1600; TargetAttributes = { A40000000000000000000001 = { CreatedOnToolsVersion = 16.0; }; }; }; buildConfigurationList = A50000000000000000000003; compatibilityVersion = "Xcode 3.2"; developmentRegion = en; hasScannedForEncodings = 0; knownRegions = (en, Base); mainGroup = A30000000000000000000003; productRefGroup = A30000000000000000000004; projectDirPath = ""; projectRoot = ""; targets = (A40000000000000000000001); };
/* End PBXProject section */
/* Begin PBXBuildPhase section */
 A60000000000000000000001 = {isa = PBXSourcesBuildPhase; buildActionMask = 2147483647; files = (A10000000000000000000001,A10000000000000000000002,A10000000000000000000003,A10000000000000000000004,A10000000000000000000006,A10000000000000000000007,A10000000000000000000008,A10000000000000000000015,A10000000000000000000016,A10000000000000000000017,A10000000000000000000018,A10000000000000000000020,A10000000000000000000021,A10000000000000000000022,A10000000000000000000023,A10000000000000000000024,A10000000000000000000025,A10000000000000000000026,A10000000000000000000028,A10000000000000000000029,A1000000000000000000002A); runOnlyForDeploymentPostprocessing = 0; };
 A60000000000000000000002 = {isa = PBXResourcesBuildPhase; buildActionMask = 2147483647; files = (A10000000000000000000027); runOnlyForDeploymentPostprocessing = 0; };
 A60000000000000000000003 = {isa = PBXFrameworksBuildPhase; buildActionMask = 2147483647; files = (); runOnlyForDeploymentPostprocessing = 0; };
/* End PBXBuildPhase section */
/* Begin PBXTargetDependency section */
/* End PBXTargetDependency section */
/* Begin PBXContainerItemProxy section */
/* End PBXContainerItemProxy section */
/* Begin XCBuildConfiguration section */
 A51000000000000000000001 = {isa = XCBuildConfiguration; buildSettings = { PRODUCT_BUNDLE_IDENTIFIER = "com.example.WebBrowse"; INFOPLIST_FILE = WebBrowse/Info.plist; CODE_SIGN_STYLE = Automatic; DEVELOPMENT_TEAM = ""; SWIFT_VERSION = 5.0; IPHONEOS_DEPLOYMENT_TARGET = 16.0; PRODUCT_NAME = "$(TARGET_NAME)"; TARGETED_DEVICE_FAMILY = "1,2"; CODE_SIGN_ENTITLEMENTS = WebBrowse/WebBrowse.entitlements; ASSETCATALOG_COMPILER_APPICON_NAME = AppIcon; ASSETCATALOG_COMPILER_ALTERNATE_APPICON_NAMES = "AppIconMidnight AppIconOcean AppIconSunset AppIconForest AppIconCustom"; }; name = Debug; };
 A51000000000000000000002 = {isa = XCBuildConfiguration; buildSettings = { PRODUCT_BUNDLE_IDENTIFIER = "com.example.WebBrowse"; INFOPLIST_FILE = WebBrowse/Info.plist; CODE_SIGN_STYLE = Automatic; DEVELOPMENT_TEAM = ""; SWIFT_VERSION = 5.0; IPHONEOS_DEPLOYMENT_TARGET = 16.0; PRODUCT_NAME = "$(TARGET_NAME)"; TARGETED_DEVICE_FAMILY = "1,2"; CODE_SIGN_ENTITLEMENTS = WebBrowse/WebBrowse.entitlements; ASSETCATALOG_COMPILER_APPICON_NAME = AppIcon; ASSETCATALOG_COMPILER_ALTERNATE_APPICON_NAMES = "AppIconMidnight AppIconOcean AppIconSunset AppIconForest AppIconCustom"; }; name = Release; };
 A51000000000000000000003 = {isa = XCBuildConfiguration; buildSettings = { ALWAYS_SEARCH_USER_PATHS = NO; CLANG_ENABLE_MODULES = YES; SWIFT_OPTIMIZATION_LEVEL = "-Onone"; SWIFT_VERSION = 5.0; }; name = Debug; };
 A51000000000000000000004 = {isa = XCBuildConfiguration; buildSettings = { ALWAYS_SEARCH_USER_PATHS = NO; CLANG_ENABLE_MODULES = YES; SWIFT_OPTIMIZATION_LEVEL = "-O"; SWIFT_VERSION = 5.0; }; name = Release; };
/* End XCBuildConfiguration section */
/* Begin XCConfigurationList section */
 A50000000000000000000001 = {isa = XCConfigurationList; buildConfigurations = (A51000000000000000000001,A51000000000000000000002); defaultConfigurationIsVisible = 0; defaultConfigurationName = Release; };
 A50000000000000000000003 = {isa = XCConfigurationList; buildConfigurations = (A51000000000000000000003,A51000000000000000000004); defaultConfigurationIsVisible = 0; defaultConfigurationName = Release; };
/* End XCConfigurationList section */
 };
 rootObject = A70000000000000000000001;
}
